
Microsoft Visual Studio Solution File, Format Version 12.00
# Visual Studio 15
VisualStudioVersion = 15.0.28010.2041
MinimumVisualStudioVersion = 10.0.40219.1
Project("{FAE04EC0-301F-11D3-BF4B-00C04F79EFBC}") = "CLR.DeadLock", "CLR.DeadLock\CLR.DeadLock.csproj", "{46F98023-1990-4FBE-B64D-4032E4C2A9BA}"
EndProject
Project("{FAE04EC0-301F-11D3-BF4B-00C04F79EFBC}") = "CLR.NotManagedCodeInterop", "CLR.NotManagedCodeInterop\CLR.NotManagedCodeInterop.csproj", "{D3828334-2E0C-4569-92EE-D09C5CDC3F5B}"
EndProject
Project("{8BC9CEB8-8B4A-11D0-8D11-00A0C91BC942}") = "weirdtextutils", "CLR.NotManagedCodeInterop.TextUtil\weirdtextutils.vcxproj", "{FE90506A-70DE-47DB-8E76-800164C6CC12}"
EndProject
Global
	GlobalSection(SolutionConfigurationPlatforms) = preSolution
		Debug|Any CPU = Debug|Any CPU
		Debug|x64 = Debug|x64
		Debug|x86 = Debug|x86
		Release|Any CPU = Release|Any CPU
		Release|x64 = Release|x64
		Release|x86 = Release|x86
	EndGlobalSection
	GlobalSection(ProjectConfigurationPlatforms) = postSolution
		{46F98023-1990-4FBE-B64D-4032E4C2A9BA}.Debug|Any CPU.ActiveCfg = Debug|Any CPU
		{46F98023-1990-4FBE-B64D-4032E4C2A9BA}.Debug|Any CPU.Build.0 = Debug|Any CPU
		{46F98023-1990-4FBE-B64D-4032E4C2A9BA}.Debug|x64.ActiveCfg = Debug|Any CPU
		{46F98023-1990-4FBE-B64D-4032E4C2A9BA}.Debug|x64.Build.0 = Debug|Any CPU
		{46F98023-1990-4FBE-B64D-4032E4C2A9BA}.Debug|x86.ActiveCfg = Debug|Any CPU
		{46F98023-1990-4FBE-B64D-4032E4C2A9BA}.Debug|x86.Build.0 = Debug|Any CPU
		{46F98023-1990-4FBE-B64D-4032E4C2A9BA}.Release|Any CPU.ActiveCfg = Release|Any CPU
		{46F98023-1990-4FBE-B64D-4032E4C2A9BA}.Release|Any CPU.Build.0 = Release|Any CPU
		{46F98023-1990-4FBE-B64D-4032E4C2A9BA}.Release|x64.ActiveCfg = Release|Any CPU
		{46F98023-1990-4FBE-B64D-4032E4C2A9BA}.Release|x64.Build.0 = Release|Any CPU
		{46F98023-1990-4FBE-B64D-4032E4C2A9BA}.Release|x86.ActiveCfg = Release|Any CPU
		{46F98023-1990-4FBE-B64D-4032E4C2A9BA}.Release|x86.Build.0 = Release|Any CPU
		{D3828334-2E0C-4569-92EE-D09C5CDC3F5B}.Debug|Any CPU.ActiveCfg = Debug|Any CPU
		{D3828334-2E0C-4569-92EE-D09C5CDC3F5B}.Debug|Any CPU.Build.0 = Debug|Any CPU
		{D3828334-2E0C-4569-92EE-D09C5CDC3F5B}.Debug|x64.ActiveCfg = Debug|Any CPU
		{D3828334-2E0C-4569-92EE-D09C5CDC3F5B}.Debug|x64.Build.0 = Debug|Any CPU
		{D3828334-2E0C-4569-92EE-D09C5CDC3F5B}.Debug|x86.ActiveCfg = Debug|Any CPU
		{D3828334-2E0C-4569-92EE-D09C5CDC3F5B}.Debug|x86.Build.0 = Debug|Any CPU
		{D3828334-2E0C-4569-92EE-D09C5CDC3F5B}.Release|Any CPU.ActiveCfg = Release|Any CPU
		{D3828334-2E0C-4569-92EE-D09C5CDC3F5B}.Release|Any CPU.Build.0 = Release|Any CPU
		{D3828334-2E0C-4569-92EE-D09C5CDC3F5B}.Release|x64.ActiveCfg = Release|Any CPU
		{D3828334-2E0C-4569-92EE-D09C5CDC3F5B}.Release|x64.Build.0 = Release|Any CPU
		{D3828334-2E0C-4569-92EE-D09C5CDC3F5B}.Release|x86.ActiveCfg = Release|Any CPU
		{D3828334-2E0C-4569-92EE-D09C5CDC3F5B}.Release|x86.Build.0 = Release|Any CPU
		{FE90506A-70DE-47DB-8E76-800164C6CC12}.Debug|Any CPU.ActiveCfg = Debug|Win32
		{FE90506A-70DE-47DB-8E76-800164C6CC12}.Debug|x64.ActiveCfg = Debug|x64
		{FE90506A-70DE-47DB-8E76-800164C6CC12}.Debug|x64.Build.0 = Debug|x64
		{FE90506A-70DE-47DB-8E76-800164C6CC12}.Debug|x86.ActiveCfg = Debug|Win32
		{FE90506A-70DE-47DB-8E76-800164C6CC12}.Debug|x86.Build.0 = Debug|Win32
		{FE90506A-70DE-47DB-8E76-800164C6CC12}.Release|Any CPU.ActiveCfg = Release|Win32
		{FE90506A-70DE-47DB-8E76-800164C6CC12}.Release|x64.ActiveCfg = Release|x64
		{FE90506A-70DE-47DB-8E76-800164C6CC12}.Release|x64.Build.0 = Release|x64
		{FE90506A-70DE-47DB-8E76-800164C6CC12}.Release|x86.ActiveCfg = Release|Win32
		{FE90506A-70DE-47DB-8E76-800164C6CC12}.Release|x86.Build.0 = Release|Win32
	EndGlobalSection
	GlobalSection(SolutionProperties) = preSolution
		HideSolutionNode = FALSE
	EndGlobalSection
	GlobalSection(ExtensibilityGlobals) = postSolution
		SolutionGuid = {F78163D3-7D27-4385-9CD2-1A23014FB41E}
	EndGlobalSection
EndGlobal
